# This file is autogenerated, do not edit; changes may be undone by the next 'dep ensure'.


[[projects]]
  digest = "1:31e761d97c76151dde79e9d28964a812c46efc5baee4085b86f68f0c654450de"
  name = "github.com/konsorten/go-windows-terminal-sequences"
  packages = ["."]
  pruneopts = "UT"
  revision = "f55edac94c9bbba5d6182a4be46d86a2c9b5b50e"
  version = "v1.0.2"

[[projects]]
  digest = "1:c313decd386284f8362473500b0cdc34cedf7c38e73e05412a277446d7adb289"
  name = "github.com/marcov/obsgo"
  packages = ["."]
  pruneopts = "UT"
  revision = "8fdb6f03adc7bea403d6bffb1fddf252d970ea72"
  version = "0.0.1"

[[projects]]
  digest = "1:0356f3312c9bd1cbeda81505b7fd437501d8e778ab66998ef69f00d7f9b3a0d7"
  name = "github.com/mattn/go-runewidth"
  packages = ["."]
  pruneopts = "UT"
  revision = "3ee7d812e62a0804a7d0a324e0249ca2db3476d3"
  version = "v0.0.4"

[[projects]]
  digest = "1:c3d9c7aff913b274bb9cc000b57e87b721aa7296eeeb1ae8c0d1ccffcbc20c47"
  name = "github.com/mlafeldt/pkgcloud"
  packages = [
    ".",
    "upload",
  ]
  pruneopts = "UT"
  revision = "926cf4b57c55666f6a386a50c2ab6581d15fd820"

[[projects]]
  digest = "1:e8fcad58263a7511225a674d9c23b9c55aa2f8616e2dab59f184a516f55c6566"
  name = "github.com/peterhellberg/link"
  packages = ["."]
  pruneopts = "UT"
  revision = "d1cebc7ea14a5fc0de7cb4a45acae773161642c6"
  version = "v1.0.0"

[[projects]]
  digest = "1:cf31692c14422fa27c83a05292eb5cbe0fb2775972e8f1f8446a71549bd8980b"
  name = "github.com/pkg/errors"
  packages = ["."]
  pruneopts = "UT"
  revision = "ba968bfe8b2f7e042a574c888954fccecfa385b4"
  version = "v0.8.1"

[[projects]]
  digest = "1:fd61cf4ae1953d55df708acb6b91492d538f49c305b364a014049914495db426"
  name = "github.com/sirupsen/logrus"
  packages = ["."]
  pruneopts = "UT"
  revision = "8bdbc7bcc01dcbb8ec23dc8a28e332258d25251f"
  version = "v1.4.1"

[[projects]]
  branch = "master"
  digest = "1:3851a6d548ec5a808e396408f03a30b8d05ef4426db7ad8688f639b2d88b47bd"
  name = "golang.org/x/sys"
  packages = ["unix"]
  pruneopts = "UT"
  revision = "61b9204099cb1bebc803c9ffb9b2d3acd9d457d9"

[[projects]]
  digest = "1:d219400f09c151f0ada918bab650ef46f7ebdb1ff4fea923fdcb839481ec7ec1"
  name = "gopkg.in/cheggaaa/pb.v1"
  packages = ["."]
  pruneopts = "UT"
  revision = "f907f6f5dd81f77c2bbc1cde92e4c5a04720cb11"
  version = "v1.0.28"

[[projects]]
  digest = "1:4d2e5a73dc1500038e504a8d78b986630e3626dc027bc030ba5c75da257cdb96"
  name = "gopkg.in/yaml.v2"
  packages = ["."]
  pruneopts = "UT"
  revision = "51d6538a90f86fe93ac480b35f37b2be17fef232"
  version = "v2.2.2"

[solve-meta]
  analyzer-name = "dep"
  analyzer-version = 1
  input-imports = [
    "github.com/marcov/obsgo",
    "github.com/mlafeldt/pkgcloud",
    "github.com/pkg/errors",
    "github.com/sirupsen/logrus",
    "gopkg.in/cheggaaa/pb.v1",
    "gopkg.in/yaml.v2",
  ]
  solver-name = "gps-cdcl"
  solver-version = 1
