# This file is autogenerated, do not edit; changes may be undone by the next 'dep ensure'.


[[projects]]
  branch = "master"
  name = "github.com/Azure/go-ansiterm"
  packages = [".","winterm"]
  revision = "d6e3b3328b783f23731bc4d058875b0371ff8109"

[[projects]]
  name = "github.com/davecgh/go-spew"
  packages = ["spew"]
  revision = "346938d642f2ec3594ed81d874461961cd0faa76"
  version = "v1.1.0"

[[projects]]
  branch = "master"
  name = "github.com/docker/docker"
  packages = ["pkg/term/windows"]
  revision = "d94164867c2df977ceb8d9df3d90364d0a682d05"

[[projects]]
  name = "github.com/gogo/protobuf"
  packages = ["gogoproto","proto","protoc-gen-gogo/descriptor","sortkeys","types"]
  revision = "342cbe0a04158f6dcb03ca0079991a51a4248c02"

[[projects]]
  name = "github.com/golang/protobuf"
  packages = ["proto","ptypes","ptypes/any","ptypes/duration","ptypes/timestamp"]
  revision = "1e59b77b52bf8e4b449a57e6f79f21226d571845"

[[projects]]
  branch = "master"
  name = "github.com/kata-containers/agent"
  packages = ["protocols/client","protocols/grpc","protocols/mockserver"]
  revision = "8f22514ae5790f3b6953cf93692e663fa29469e3"

[[projects]]
  name = "github.com/kr/pty"
  packages = ["."]
  revision = "95d05c1eef33a45bd58676b6ce28d105839b8d0b"
  version = "v1.0.1"

[[projects]]
  name = "github.com/mdlayher/vsock"
  packages = ["."]
  revision = "738c88d6e4cfd60e8124a5344fa10d205fd828b9"

[[projects]]
  name = "github.com/moby/moby"
  packages = ["pkg/term"]
  revision = "092cba3727bb9b4a2f0e922cd6c0f93ea270e363"
  version = "v1.13.1"

[[projects]]
  name = "github.com/opencontainers/runtime-spec"
  packages = ["specs-go"]
  revision = "4e3b9264a330d094b0386c3703c5f379119711e8"

[[projects]]
  name = "github.com/pmezard/go-difflib"
  packages = ["difflib"]
  revision = "792786c7400a136282c1664665ae0a8db921c6c2"
  version = "v1.0.0"

[[projects]]
  name = "github.com/sirupsen/logrus"
  packages = ["."]
  revision = "f006c2ac4710855cf0f916dd6b77acf6b048dc6e"
  version = "v1.0.3"

[[projects]]
  name = "github.com/stretchr/testify"
  packages = ["assert"]
  revision = "69483b4bd14f5845b5a1e55bca19e954e827f1d0"
  version = "v1.1.4"

[[projects]]
  branch = "master"
  name = "golang.org/x/crypto"
  packages = ["ssh/terminal"]
  revision = "94eea52f7b742c7cbe0b03b22f0c4c8631ece122"

[[projects]]
  name = "golang.org/x/net"
  packages = ["context","http2","http2/hpack","idna","internal/timeseries","lex/httplex","trace"]
  revision = "a8b9294777976932365dabb6640cf1468d95c70f"

[[projects]]
  branch = "master"
  name = "golang.org/x/sys"
  packages = ["unix","windows"]
  revision = "8b4580aae2a0dd0c231a45d3ccb8434ff533b840"

[[projects]]
  branch = "master"
  name = "golang.org/x/text"
  packages = ["collate","collate/build","internal/colltab","internal/gen","internal/tag","internal/triegen","internal/ucd","language","secure/bidirule","transform","unicode/bidi","unicode/cldr","unicode/norm","unicode/rangetable"]
  revision = "3b24cac7bc3a458991ab409aa2a339ac9e0d60d6"

[[projects]]
  branch = "master"
  name = "google.golang.org/genproto"
  packages = ["googleapis/rpc/status"]
  revision = "7f0da29060c682909f650ad8ed4e515bd74fa12a"

[[projects]]
  name = "google.golang.org/grpc"
  packages = [".","balancer","balancer/roundrobin","codes","connectivity","credentials","encoding","grpclb/grpc_lb_v1/messages","grpclog","internal","keepalive","metadata","naming","peer","resolver","resolver/dns","resolver/passthrough","stats","status","tap","transport"]
  revision = "5a9f7b402fe85096d2e1d0383435ee1876e863d0"
  version = "v1.8.0"

[solve-meta]
  analyzer-name = "dep"
  analyzer-version = 1
  inputs-digest = "030ac0204af3a20262e1228f3433c0eb02a69c8233c4dc7dd4ff28b60749e552"
  solver-name = "gps-cdcl"
  solver-version = 1
