# This file is autogenerated, do not edit; changes may be undone by the next 'dep ensure'.


[[projects]]
  name = "github.com/BurntSushi/toml"
  packages = ["."]
  revision = "b26d9c308763d68093482582cea63d69be07a0f0"
  version = "v0.3.0"

[[projects]]
  name = "github.com/clearcontainers/proxy"
  packages = [
    "api",
    "client"
  ]
  revision = "1d2a6a3ea132a86abd0731408b7dc34f2fc17d55"

[[projects]]
  name = "github.com/containerd/cri-containerd"
  packages = ["pkg/annotations"]
  revision = "3d382e2f5dabe3bae62ceb9ded56bdee847008ee"

[[projects]]
  name = "github.com/containernetworking/cni"
  packages = [
    "libcni",
    "pkg/invoke",
    "pkg/types",
    "pkg/types/020",
    "pkg/types/current",
    "pkg/version"
  ]
  revision = "384d8c0b5288c25b9f1da901c66ea5155e6c567d"

[[projects]]
  name = "github.com/containernetworking/plugins"
  packages = ["pkg/ns"]
  revision = "7f98c94613021d8b57acfa1a2f0c8d0f6fd7ae5a"

[[projects]]
  name = "github.com/containers/virtcontainers"
  packages = ["pkg/annotations"]
  revision = "79fc80723a20cc5067ed962fede4c1d6f35f7473"
  version = "1.0.8"

[[projects]]
  name = "github.com/davecgh/go-spew"
  packages = ["spew"]
  revision = "346938d642f2ec3594ed81d874461961cd0faa76"
  version = "v1.1.0"

[[projects]]
  branch = "master"
  name = "github.com/dlespiau/covertool"
  packages = ["pkg/cover"]
  revision = "d45792f23e9014540f89404081285a1b4d097234"

[[projects]]
  name = "github.com/go-ini/ini"
  packages = ["."]
  revision = "20b96f641a5ea98f2f8619ff4f3e061cff4833bd"

[[projects]]
  name = "github.com/gogo/protobuf"
  packages = [
    "gogoproto",
    "proto",
    "protoc-gen-gogo/descriptor",
    "sortkeys",
    "types"
  ]
  revision = "342cbe0a04158f6dcb03ca0079991a51a4248c02"

[[projects]]
  name = "github.com/golang/protobuf"
  packages = [
    "proto",
    "ptypes",
    "ptypes/any",
    "ptypes/duration",
    "ptypes/timestamp"
  ]
  revision = "925541529c1fa6821df4e44ce2723319eb2be768"
  version = "v1.0.0"

[[projects]]
  name = "github.com/intel/govmm"
  packages = ["qemu"]
  revision = "e87160f8ea39dfe558bf6761f74717d191d82493"

[[projects]]
  name = "github.com/kata-containers/agent"
  packages = [
    "protocols/client",
    "protocols/grpc"
  ]
  revision = "a93071539feee29bfa22b6184380d3fd7c156ef7"

[[projects]]
  name = "github.com/kubernetes-incubator/cri-o"
  packages = ["pkg/annotations"]
  revision = "3394b3b2d6af0e41d185bb695c6378be5dd4d61d"

[[projects]]
  name = "github.com/mdlayher/vsock"
  packages = ["."]
  revision = "738c88d6e4cfd60e8124a5344fa10d205fd828b9"

[[projects]]
  name = "github.com/mitchellh/mapstructure"
  packages = ["."]
  revision = "d0303fe809921458f417bcf828397a65db30a7e4"

[[projects]]
  name = "github.com/opencontainers/runc"
  packages = [
    "libcontainer/configs",
    "libcontainer/utils"
  ]
  revision = "0351df1c5a66838d0c392b4ac4cf9450de844e2d"

[[projects]]
  name = "github.com/opencontainers/runtime-spec"
  packages = ["specs-go"]
  revision = "4e3b9264a330d094b0386c3703c5f379119711e8"

[[projects]]
  name = "github.com/pmezard/go-difflib"
  packages = ["difflib"]
  revision = "792786c7400a136282c1664665ae0a8db921c6c2"
  version = "v1.0.0"

[[projects]]
  name = "github.com/sirupsen/logrus"
  packages = [
    ".",
    "hooks/syslog"
  ]
  revision = "89742aefa4b206dcf400792f3bd35b542998eb3b"

[[projects]]
  name = "github.com/stretchr/testify"
  packages = ["assert"]
  revision = "890a5c3458b43e6104ff5da8dfa139d013d77544"

[[projects]]
  name = "github.com/urfave/cli"
  packages = ["."]
  revision = "ac249472b7de27a9e8990819566d9be95ab5b816"

[[projects]]
  name = "github.com/vishvananda/netlink"
  packages = [
    ".",
    "nl"
  ]
  revision = "c2a3de3b38bd00f07290c3c5e12b4dbc04ec8666"

[[projects]]
  name = "github.com/vishvananda/netns"
  packages = ["."]
  revision = "86bef332bfc3b59b7624a600bd53009ce91a9829"

[[projects]]
  branch = "master"
  name = "golang.org/x/crypto"
  packages = ["ssh/terminal"]
  revision = "91a49db82a88618983a78a06c1cbd4e00ab749ab"

[[projects]]
  name = "golang.org/x/net"
  packages = [
    "context",
    "http2",
    "http2/hpack",
    "idna",
    "internal/timeseries",
    "lex/httplex",
    "trace"
  ]
  revision = "a8b9294777976932365dabb6640cf1468d95c70f"

[[projects]]
  name = "golang.org/x/sys"
  packages = [
    "unix",
    "windows"
  ]
  revision = "1d2aa6dbdea45adaaebb9905d0666e4537563829"

[[projects]]
  name = "golang.org/x/text"
  packages = [
    "collate",
    "collate/build",
    "internal/colltab",
    "internal/gen",
    "internal/tag",
    "internal/triegen",
    "internal/ucd",
    "language",
    "secure/bidirule",
    "transform",
    "unicode/bidi",
    "unicode/cldr",
    "unicode/norm",
    "unicode/rangetable"
  ]
  revision = "f21a4dfb5e38f5895301dc265a8def02365cc3d0"
  version = "v0.3.0"

[[projects]]
  branch = "master"
  name = "google.golang.org/genproto"
  packages = ["googleapis/rpc/status"]
  revision = "2c5e7ac708aaa719366570dd82bda44541ca2a63"

[[projects]]
  name = "google.golang.org/grpc"
  packages = [
    ".",
    "balancer",
    "balancer/roundrobin",
    "codes",
    "connectivity",
    "credentials",
    "encoding",
    "grpclb/grpc_lb_v1/messages",
    "grpclog",
    "internal",
    "keepalive",
    "metadata",
    "naming",
    "peer",
    "resolver",
    "resolver/dns",
    "resolver/passthrough",
    "stats",
    "status",
    "tap",
    "transport"
  ]
  revision = "5a9f7b402fe85096d2e1d0383435ee1876e863d0"

[solve-meta]
  analyzer-name = "dep"
  analyzer-version = 1
  inputs-digest = "8dba9fde76331ee3c2baa2a34230f174e3ab122a6b17975c533cdfbf42b49617"
  solver-name = "gps-cdcl"
  solver-version = 1
