# This file is automatically @generated by Cargo.
# It is not intended for manual editing.
version = 3

[[package]]
name = "autocfg"
version = "1.1.0"
source = "registry+https://github.com/rust-lang/crates.io-index"
checksum = "d468802bab17cbc0cc575e9b053f41e72aa36bfa6b7f55e3529ffa43161b97fa"

[[package]]
name = "bitflags"
version = "1.3.2"
source = "registry+https://github.com/rust-lang/crates.io-index"
checksum = "bef38d45163c2f1dde094a7dfd33ccf595c92905c8f8f4fdc18d06fb1037718a"

[[package]]
name = "byteorder"
version = "1.5.0"
source = "registry+https://github.com/rust-lang/crates.io-index"
checksum = "1fd0f2584146f6f2ef48085050886acf353beff7305ebd1ae69500e27c67f64b"

[[package]]
name = "dbs-allocator"
version = "0.1.1"
dependencies = [
 "thiserror",
]

[[package]]
name = "dbs-arch"
version = "0.2.3"
dependencies = [
 "kvm-bindings",
 "kvm-ioctls",
 "libc",
 "memoffset",
 "thiserror",
 "vm-memory 0.10.0",
 "vmm-sys-util",
]

[[package]]
name = "dbs-boot"
version = "0.4.0"
dependencies = [
 "dbs-arch",
 "kvm-bindings",
 "kvm-ioctls",
 "lazy_static",
 "libc",
 "thiserror",
 "vm-fdt",
 "vm-memory 0.10.0",
]

[[package]]
name = "dbs-device"
version = "0.2.0"
dependencies = [
 "thiserror",
]

[[package]]
name = "dbs-interrupt"
version = "0.2.2"
dependencies = [
 "dbs-arch",
 "dbs-device",
 "kvm-bindings",
 "kvm-ioctls",
 "libc",
 "vmm-sys-util",
]

[[package]]
name = "dbs-pci"
version = "0.1.0"
dependencies = [
 "byteorder",
 "dbs-allocator",
 "dbs-arch",
 "dbs-boot",
 "dbs-device",
 "dbs-interrupt",
 "downcast-rs",
 "kvm-bindings",
 "kvm-ioctls",
 "libc",
 "log",
 "thiserror",
 "vfio-bindings",
 "vfio-ioctls",
 "vm-memory 0.10.0",
]

[[package]]
name = "downcast-rs"
version = "1.2.0"
source = "registry+https://github.com/rust-lang/crates.io-index"
checksum = "9ea835d29036a4087793836fa931b08837ad5e957da9e23886b29586fb9b6650"

[[package]]
name = "kvm-bindings"
version = "0.6.0"
source = "registry+https://github.com/rust-lang/crates.io-index"
checksum = "efe70e65a5b092161d17f5005b66e5eefe7a94a70c332e755036fc4af78c4e79"
dependencies = [
 "vmm-sys-util",
]

[[package]]
name = "kvm-ioctls"
version = "0.12.0"
source = "registry+https://github.com/rust-lang/crates.io-index"
checksum = "c3a321cabd827642499c77e27314f388dd83a717a5ca716b86476fb947f73ae4"
dependencies = [
 "kvm-bindings",
 "libc",
 "vmm-sys-util",
]

[[package]]
name = "lazy_static"
version = "1.4.0"
source = "registry+https://github.com/rust-lang/crates.io-index"
checksum = "e2abad23fbc42b3700f2f279844dc832adb2b2eb069b2df918f455c4e18cc646"

[[package]]
name = "libc"
version = "0.2.151"
source = "registry+https://github.com/rust-lang/crates.io-index"
checksum = "302d7ab3130588088d277783b1e2d2e10c9e9e4a16dd9050e6ec93fb3e7048f4"

[[package]]
name = "log"
version = "0.4.20"
source = "registry+https://github.com/rust-lang/crates.io-index"
checksum = "b5e6163cb8c49088c2c36f57875e58ccd8c87c7427f7fbd50ea6710b2f3f2e8f"

[[package]]
name = "memoffset"
version = "0.6.5"
source = "registry+https://github.com/rust-lang/crates.io-index"
checksum = "5aa361d4faea93603064a027415f07bd8e1d5c88c9fbf68bf56a285428fd79ce"
dependencies = [
 "autocfg",
]

[[package]]
name = "proc-macro2"
version = "1.0.75"
source = "registry+https://github.com/rust-lang/crates.io-index"
checksum = "907a61bd0f64c2f29cd1cf1dc34d05176426a3f504a78010f08416ddb7b13708"
dependencies = [
 "unicode-ident",
]

[[package]]
name = "quote"
version = "1.0.35"
source = "registry+https://github.com/rust-lang/crates.io-index"
checksum = "291ec9ab5efd934aaf503a6466c5d5251535d108ee747472c3977cc5acc868ef"
dependencies = [
 "proc-macro2",
]

[[package]]
name = "syn"
version = "2.0.47"
source = "registry+https://github.com/rust-lang/crates.io-index"
checksum = "1726efe18f42ae774cc644f330953a5e7b3c3003d3edcecf18850fe9d4dd9afb"
dependencies = [
 "proc-macro2",
 "quote",
 "unicode-ident",
]

[[package]]
name = "thiserror"
version = "1.0.56"
source = "registry+https://github.com/rust-lang/crates.io-index"
checksum = "d54378c645627613241d077a3a79db965db602882668f9136ac42af9ecb730ad"
dependencies = [
 "thiserror-impl",
]

[[package]]
name = "thiserror-impl"
version = "1.0.56"
source = "registry+https://github.com/rust-lang/crates.io-index"
checksum = "fa0faa943b50f3db30a20aa7e265dbc66076993efed8463e8de414e5d06d3471"
dependencies = [
 "proc-macro2",
 "quote",
 "syn",
]

[[package]]
name = "unicode-ident"
version = "1.0.12"
source = "registry+https://github.com/rust-lang/crates.io-index"
checksum = "3354b9ac3fae1ff6755cb6db53683adb661634f67557942dea4facebec0fee4b"

[[package]]
name = "vfio-bindings"
version = "0.3.1"
source = "registry+https://github.com/rust-lang/crates.io-index"
checksum = "43449b404c488f70507dca193debd4bea361fe8089869b947adc19720e464bce"

[[package]]
name = "vfio-ioctls"
version = "0.1.0"
source = "registry+https://github.com/rust-lang/crates.io-index"
checksum = "068bac78842164a8ecc1d1a84a8d8a9168ab29fa3c96942689e286a30ae22ac4"
dependencies = [
 "byteorder",
 "kvm-bindings",
 "kvm-ioctls",
 "libc",
 "log",
 "thiserror",
 "vfio-bindings",
 "vm-memory 0.13.1",
 "vmm-sys-util",
]

[[package]]
name = "vm-fdt"
version = "0.2.0"
source = "registry+https://github.com/rust-lang/crates.io-index"
checksum = "f43fb5a6bd1a7d423ad72802801036719b7546cf847a103f8fe4575f5b0d45a6"

[[package]]
name = "vm-memory"
version = "0.10.0"
source = "registry+https://github.com/rust-lang/crates.io-index"
checksum = "688a70366615b45575a424d9c665561c1b5ab2224d494f706b6a6812911a827c"
dependencies = [
 "libc",
 "winapi",
]

[[package]]
name = "vm-memory"
version = "0.13.1"
source = "registry+https://github.com/rust-lang/crates.io-index"
checksum = "5376c9ee5ebe2103a310d8241936cfb93c946734b0479a4fa5bdf7a64abbacd8"
dependencies = [
 "libc",
 "thiserror",
 "winapi",
]

[[package]]
name = "vmm-sys-util"
version = "0.11.2"
source = "registry+https://github.com/rust-lang/crates.io-index"
checksum = "48b7b084231214f7427041e4220d77dfe726897a6d41fddee450696e66ff2a29"
dependencies = [
 "bitflags",
 "libc",
]

[[package]]
name = "winapi"
version = "0.3.9"
source = "registry+https://github.com/rust-lang/crates.io-index"
checksum = "5c839a674fcd7a98952e593242ea400abe93992746761e38641405d28b00f419"
dependencies = [
 "winapi-i686-pc-windows-gnu",
 "winapi-x86_64-pc-windows-gnu",
]

[[package]]
name = "winapi-i686-pc-windows-gnu"
version = "0.4.0"
source = "registry+https://github.com/rust-lang/crates.io-index"
checksum = "ac3b87c63620426dd9b991e5ce0329eff545bccbbb34f3be09ff6fb6ab51b7b6"

[[package]]
name = "winapi-x86_64-pc-windows-gnu"
version = "0.4.0"
source = "registry+https://github.com/rust-lang/crates.io-index"
checksum = "712e227841d057c1ee1cd2fb22fa7e5a5461ae8e48fa2ca79ec42cfc1931183f"
